
Microsoft Visual Studio Solution File, Format Version 12.00
# Visual Studio Version 17
VisualStudioVersion = 17.2.32526.322
MinimumVisualStudioVersion = 10.0.40219.1
Project("{2150E333-8FDC-42A3-9474-1A3956D46DE8}") = "Application", "Application", "{2DAB60D7-5A6B-4CEC-A89D-2D0EA563B334}"
EndProject
Project("{2150E333-8FDC-42A3-9474-1A3956D46DE8}") = "Tools", "Tools", "{BCDD88E8-992E-4798-A26E-12FB1F55E5A5}"
EndProject
Project("{2150E333-8FDC-42A3-9474-1A3956D46DE8}") = "Domain", "Domain", "{ED1B5DD4-9B0E-4EAB-8ABA-2275C84D745B}"
EndProject
Project("{9A19103F-16F7-4668-BE54-9A1E7A4F7556}") = "BankSystem.Domain", "BankSystem.Domain\BankSystem.Domain.csproj", "{900AAB48-B896-4CBD-99C6-3262FAF48B10}"
EndProject
Project("{9A19103F-16F7-4668-BE54-9A1E7A4F7556}") = "Practice", "Practice\Practice.csproj", "{3B627D64-20B4-41C4-9179-505F741AC5F6}"
EndProject
Project("{9A19103F-16F7-4668-BE54-9A1E7A4F7556}") = "BankSystem.App", "BankSystem.App\BankSystem.App.csproj", "{75AF7E23-1EC6-4D84-8EE8-7B0CEC3BE6C8}"
EndProject
Project("{9A19103F-16F7-4668-BE54-9A1E7A4F7556}") = "BancSystem.App.Tests", "BancSystem.App.Tests\BancSystem.App.Tests.csproj", "{211FA7FC-9254-41DF-BF6E-B8F53EA847FA}"
EndProject
Project("{2150E333-8FDC-42A3-9474-1A3956D46DE8}") = "Infrastructure", "Infrastructure", "{4124601D-716C-41F5-A10D-076405B162A6}"
EndProject
Project("{9A19103F-16F7-4668-BE54-9A1E7A4F7556}") = "BankSystem.Data", "BankSystem.Data\BankSystem.Data.csproj", "{25C19767-8254-4DBB-993E-C634EF76BD20}"
EndProject
Project("{FAE04EC0-301F-11D3-BF4B-00C04F79EFBC}") = "BankSystem.Data.Tests", "BankSystem.Data.Tests\BankSystem.Data.Tests.csproj", "{408919ED-552D-4FEF-B317-D48EE261DF52}"
EndProject
Global
	GlobalSection(SolutionConfigurationPlatforms) = preSolution
		Debug|Any CPU = Debug|Any CPU
		Release|Any CPU = Release|Any CPU
	EndGlobalSection
	GlobalSection(ProjectConfigurationPlatforms) = postSolution
		{900AAB48-B896-4CBD-99C6-3262FAF48B10}.Debug|Any CPU.ActiveCfg = Debug|Any CPU
		{900AAB48-B896-4CBD-99C6-3262FAF48B10}.Debug|Any CPU.Build.0 = Debug|Any CPU
		{900AAB48-B896-4CBD-99C6-3262FAF48B10}.Release|Any CPU.ActiveCfg = Release|Any CPU
		{900AAB48-B896-4CBD-99C6-3262FAF48B10}.Release|Any CPU.Build.0 = Release|Any CPU
		{3B627D64-20B4-41C4-9179-505F741AC5F6}.Debug|Any CPU.ActiveCfg = Debug|Any CPU
		{3B627D64-20B4-41C4-9179-505F741AC5F6}.Debug|Any CPU.Build.0 = Debug|Any CPU
		{3B627D64-20B4-41C4-9179-505F741AC5F6}.Release|Any CPU.ActiveCfg = Release|Any CPU
		{3B627D64-20B4-41C4-9179-505F741AC5F6}.Release|Any CPU.Build.0 = Release|Any CPU
		{75AF7E23-1EC6-4D84-8EE8-7B0CEC3BE6C8}.Debug|Any CPU.ActiveCfg = Debug|Any CPU
		{75AF7E23-1EC6-4D84-8EE8-7B0CEC3BE6C8}.Debug|Any CPU.Build.0 = Debug|Any CPU
		{75AF7E23-1EC6-4D84-8EE8-7B0CEC3BE6C8}.Release|Any CPU.ActiveCfg = Release|Any CPU
		{75AF7E23-1EC6-4D84-8EE8-7B0CEC3BE6C8}.Release|Any CPU.Build.0 = Release|Any CPU
		{211FA7FC-9254-41DF-BF6E-B8F53EA847FA}.Debug|Any CPU.ActiveCfg = Debug|Any CPU
		{211FA7FC-9254-41DF-BF6E-B8F53EA847FA}.Debug|Any CPU.Build.0 = Debug|Any CPU
		{211FA7FC-9254-41DF-BF6E-B8F53EA847FA}.Release|Any CPU.ActiveCfg = Release|Any CPU
		{211FA7FC-9254-41DF-BF6E-B8F53EA847FA}.Release|Any CPU.Build.0 = Release|Any CPU
		{25C19767-8254-4DBB-993E-C634EF76BD20}.Debug|Any CPU.ActiveCfg = Debug|Any CPU
		{25C19767-8254-4DBB-993E-C634EF76BD20}.Debug|Any CPU.Build.0 = Debug|Any CPU
		{25C19767-8254-4DBB-993E-C634EF76BD20}.Release|Any CPU.ActiveCfg = Release|Any CPU
		{25C19767-8254-4DBB-993E-C634EF76BD20}.Release|Any CPU.Build.0 = Release|Any CPU
		{408919ED-552D-4FEF-B317-D48EE261DF52}.Debug|Any CPU.ActiveCfg = Debug|Any CPU
		{408919ED-552D-4FEF-B317-D48EE261DF52}.Debug|Any CPU.Build.0 = Debug|Any CPU
		{408919ED-552D-4FEF-B317-D48EE261DF52}.Release|Any CPU.ActiveCfg = Release|Any CPU
		{408919ED-552D-4FEF-B317-D48EE261DF52}.Release|Any CPU.Build.0 = Release|Any CPU
	EndGlobalSection
	GlobalSection(SolutionProperties) = preSolution
		HideSolutionNode = FALSE
	EndGlobalSection
	GlobalSection(NestedProjects) = preSolution
		{900AAB48-B896-4CBD-99C6-3262FAF48B10} = {ED1B5DD4-9B0E-4EAB-8ABA-2275C84D745B}
		{3B627D64-20B4-41C4-9179-505F741AC5F6} = {BCDD88E8-992E-4798-A26E-12FB1F55E5A5}
		{75AF7E23-1EC6-4D84-8EE8-7B0CEC3BE6C8} = {2DAB60D7-5A6B-4CEC-A89D-2D0EA563B334}
		{211FA7FC-9254-41DF-BF6E-B8F53EA847FA} = {2DAB60D7-5A6B-4CEC-A89D-2D0EA563B334}
		{25C19767-8254-4DBB-993E-C634EF76BD20} = {4124601D-716C-41F5-A10D-076405B162A6}
		{408919ED-552D-4FEF-B317-D48EE261DF52} = {4124601D-716C-41F5-A10D-076405B162A6}
	EndGlobalSection
	GlobalSection(ExtensibilityGlobals) = postSolution
		SolutionGuid = {0097849E-39FC-49C1-B05C-98D472240A58}
	EndGlobalSection
EndGlobal
